
Microsoft Visual Studio Solution File, Format Version 12.00
# Visual Studio Version 16
VisualStudioVersion = 16.0.28902.138
MinimumVisualStudioVersion = 10.0.40219.1
Project("{FAE04EC0-301F-11D3-BF4B-00C04F79EFBC}") = "Tarea4_estructura_nodos", "Tarea4_estructura_nodos\Tarea4_estructura_nodos.csproj", "{05F9A7C3-6A09-4E8D-A7B7-809F0B6A06CB}"
EndProject
Global
	GlobalSection(SolutionConfigurationPlatforms) = preSolution
		Debug|Any CPU = Debug|Any CPU
		Release|Any CPU = Release|Any CPU
	EndGlobalSection
	GlobalSection(ProjectConfigurationPlatforms) = postSolution
		{05F9A7C3-6A09-4E8D-A7B7-809F0B6A06CB}.Debug|Any CPU.ActiveCfg = Debug|Any CPU
		{05F9A7C3-6A09-4E8D-A7B7-809F0B6A06CB}.Debug|Any CPU.Build.0 = Debug|Any CPU
		{05F9A7C3-6A09-4E8D-A7B7-809F0B6A06CB}.Release|Any CPU.ActiveCfg = Release|Any CPU
		{05F9A7C3-6A09-4E8D-A7B7-809F0B6A06CB}.Release|Any CPU.Build.0 = Release|Any CPU
	EndGlobalSection
	GlobalSection(SolutionProperties) = preSolution
		HideSolutionNode = FALSE
	EndGlobalSection
	GlobalSection(ExtensibilityGlobals) = postSolution
		SolutionGuid = {F9A1AF6F-B8A1-4840-B035-CB3B5C9D9C5F}
	EndGlobalSection
EndGlobal
